// !$*UTF8*$!
{
	archiveVersion = 1;
	classes = {
	};
	objectVersion = 50;
	objects = {

/* Begin PBXBuildFile section */
		B775242E2355A22500F7AA7C /* AppDelegate.swift in Sources */ = {isa = PBXBuildFile; fileRef = B775242D2355A22500F7AA7C /* AppDelegate.swift */; };
		B77524302355A22500F7AA7C /* SceneDelegate.swift in Sources */ = {isa = PBXBuildFile; fileRef = B775242F2355A22500F7AA7C /* SceneDelegate.swift */; };
		B77524332355A22500F7AA7C /* Weather_App.xcdatamodeld in Sources */ = {isa = PBXBuildFile; fileRef = B77524312355A22500F7AA7C /* Weather_App.xcdatamodeld */; };
		B77524372355A22700F7AA7C /* Assets.xcassets in Resources */ = {isa = PBXBuildFile; fileRef = B77524362355A22700F7AA7C /* Assets.xcassets */; };
		B775243A2355A22700F7AA7C /* Preview Assets.xcassets in Resources */ = {isa = PBXBuildFile; fileRef = B77524392355A22700F7AA7C /* Preview Assets.xcassets */; };
		B775243D2355A22700F7AA7C /* LaunchScreen.storyboard in Resources */ = {isa = PBXBuildFile; fileRef = B775243B2355A22700F7AA7C /* LaunchScreen.storyboard */; };
		B77524482355A22700F7AA7C /* Weather_AppTests.swift in Sources */ = {isa = PBXBuildFile; fileRef = B77524472355A22700F7AA7C /* Weather_AppTests.swift */; };
		B77524532355A22700F7AA7C /* Weather_AppUITests.swift in Sources */ = {isa = PBXBuildFile; fileRef = B77524522355A22700F7AA7C /* Weather_AppUITests.swift */; };
		B775246E2355A7BC00F7AA7C /* sleet.png in Resources */ = {isa = PBXBuildFile; fileRef = B77524612355A7BC00F7AA7C /* sleet.png */; };
		B775246F2355A7BC00F7AA7C /* degree.png in Resources */ = {isa = PBXBuildFile; fileRef = B77524622355A7BC00F7AA7C /* degree.png */; };
		B77524702355A7BC00F7AA7C /* fog.png in Resources */ = {isa = PBXBuildFile; fileRef = B77524632355A7BC00F7AA7C /* fog.png */; };
		B77524712355A7BC00F7AA7C /* partly-cloudy-day.png in Resources */ = {isa = PBXBuildFile; fileRef = B77524642355A7BC00F7AA7C /* partly-cloudy-day.png */; };
		B77524722355A7BC00F7AA7C /* partly-cloudy-night.png in Resources */ = {isa = PBXBuildFile; fileRef = B77524652355A7BC00F7AA7C /* partly-cloudy-night.png */; };
		B77524732355A7BC00F7AA7C /* clear-night.png in Resources */ = {isa = PBXBuildFile; fileRef = B77524662355A7BC00F7AA7C /* clear-night.png */; };
		B77524742355A7BC00F7AA7C /* snow.png in Resources */ = {isa = PBXBuildFile; fileRef = B77524672355A7BC00F7AA7C /* snow.png */; };
		B77524752355A7BC00F7AA7C /* wind.png in Resources */ = {isa = PBXBuildFile; fileRef = B77524682355A7BC00F7AA7C /* wind.png */; };
		B77524762355A7BC00F7AA7C /* cloudy.png in Resources */ = {isa = PBXBuildFile; fileRef = B77524692355A7BC00F7AA7C /* cloudy.png */; };
		B77524772355A7BC00F7AA7C /* clear-day.png in Resources */ = {isa = PBXBuildFile; fileRef = B775246A2355A7BC00F7AA7C /* clear-day.png */; };
		B77524782355A7BC00F7AA7C /* sunny.png in Resources */ = {isa = PBXBuildFile; fileRef = B775246B2355A7BC00F7AA7C /* sunny.png */; };
		B77524792355A7BC00F7AA7C /* refresh.png in Resources */ = {isa = PBXBuildFile; fileRef = B775246C2355A7BC00F7AA7C /* refresh.png */; };
		B775247A2355A7BC00F7AA7C /* rain.png in Resources */ = {isa = PBXBuildFile; fileRef = B775246D2355A7BC00F7AA7C /* rain.png */; };
		B77524822355AE5800F7AA7C /* WeatherInfoVC.swift in Sources */ = {isa = PBXBuildFile; fileRef = B77524812355AE5800F7AA7C /* WeatherInfoVC.swift */; };
		B77524842355AF0A00F7AA7C /* WeatherInfoVC.storyboard in Resources */ = {isa = PBXBuildFile; fileRef = B77524832355AF0A00F7AA7C /* WeatherInfoVC.storyboard */; };
		B775249023563B8700F7AA7C /* LocationService.swift in Sources */ = {isa = PBXBuildFile; fileRef = B775248F23563B8700F7AA7C /* LocationService.swift */; };
		B775249323564EFF00F7AA7C /* WeatherInfo.swift in Sources */ = {isa = PBXBuildFile; fileRef = B775249223564EFF00F7AA7C /* WeatherInfo.swift */; };
		B77524952356524700F7AA7C /* WeatherResponse.swift in Sources */ = {isa = PBXBuildFile; fileRef = B77524942356524700F7AA7C /* WeatherResponse.swift */; };
		B775249D23565E2800F7AA7C /* Localizable.strings in Resources */ = {isa = PBXBuildFile; fileRef = B775249C23565E2800F7AA7C /* Localizable.strings */; };
/* End PBXBuildFile section */

/* Begin PBXContainerItemProxy section */
		B77524442355A22700F7AA7C /* PBXContainerItemProxy */ = {
			isa = PBXContainerItemProxy;
			containerPortal = B77524222355A22500F7AA7C /* Project object */;
			proxyType = 1;
			remoteGlobalIDString = B77524292355A22500F7AA7C;
			remoteInfo = "Weather App";
		};
		B775244F2355A22700F7AA7C /* PBXContainerItemProxy */ = {
			isa = PBXContainerItemProxy;
			containerPortal = B77524222355A22500F7AA7C /* Project object */;
			proxyType = 1;
			remoteGlobalIDString = B77524292355A22500F7AA7C;
			remoteInfo = "Weather App";
		};
/* End PBXContainerItemProxy section */

/* Begin PBXFileReference section */
		B775242A2355A22500F7AA7C /* Weather App.app */ = {isa = PBXFileReference; explicitFileType = wrapper.application; includeInIndex = 0; path = "Weather App.app"; sourceTree = BUILT_PRODUCTS_DIR; };
		B775242D2355A22500F7AA7C /* AppDelegate.swift */ = {isa = PBXFileReference; lastKnownFileType = sourcecode.swift; path = AppDelegate.swift; sourceTree = "<group>"; };
		B775242F2355A22500F7AA7C /* SceneDelegate.swift */ = {isa = PBXFileReference; lastKnownFileType = sourcecode.swift; path = SceneDelegate.swift; sourceTree = "<group>"; };
		B77524322355A22500F7AA7C /* Weather_App.xcdatamodel */ = {isa = PBXFileReference; lastKnownFileType = wrapper.xcdatamodel; path = Weather_App.xcdatamodel; sourceTree = "<group>"; };
		B77524362355A22700F7AA7C /* Assets.xcassets */ = {isa = PBXFileReference; lastKnownFileType = folder.assetcatalog; path = Assets.xcassets; sourceTree = "<group>"; };
		B77524392355A22700F7AA7C /* Preview Assets.xcassets */ = {isa = PBXFileReference; lastKnownFileType = folder.assetcatalog; path = "Preview Assets.xcassets"; sourceTree = "<group>"; };
		B775243C2355A22700F7AA7C /* Base */ = {isa = PBXFileReference; lastKnownFileType = file.storyboard; name = Base; path = Base.lproj/LaunchScreen.storyboard; sourceTree = "<group>"; };
		B775243E2355A22700F7AA7C /* Info.plist */ = {isa = PBXFileReference; lastKnownFileType = text.plist.xml; path = Info.plist; sourceTree = "<group>"; };
		B77524432355A22700F7AA7C /* Weather AppTests.xctest */ = {isa = PBXFileReference; explicitFileType = wrapper.cfbundle; includeInIndex = 0; path = "Weather AppTests.xctest"; sourceTree = BUILT_PRODUCTS_DIR; };
		B77524472355A22700F7AA7C /* Weather_AppTests.swift */ = {isa = PBXFileReference; lastKnownFileType = sourcecode.swift; path = Weather_AppTests.swift; sourceTree = "<group>"; };
		B77524492355A22700F7AA7C /* Info.plist */ = {isa = PBXFileReference; lastKnownFileType = text.plist.xml; path = Info.plist; sourceTree = "<group>"; };
		B775244E2355A22700F7AA7C /* Weather AppUITests.xctest */ = {isa = PBXFileReference; explicitFileType = wrapper.cfbundle; includeInIndex = 0; path = "Weather AppUITests.xctest"; sourceTree = BUILT_PRODUCTS_DIR; };
		B77524522355A22700F7AA7C /* Weather_AppUITests.swift */ = {isa = PBXFileReference; lastKnownFileType = sourcecode.swift; path = Weather_AppUITests.swift; sourceTree = "<group>"; };
		B77524542355A22700F7AA7C /* Info.plist */ = {isa = PBXFileReference; lastKnownFileType = text.plist.xml; path = Info.plist; sourceTree = "<group>"; };
		B77524612355A7BC00F7AA7C /* sleet.png */ = {isa = PBXFileReference; lastKnownFileType = image.png; path = sleet.png; sourceTree = "<group>"; };
		B77524622355A7BC00F7AA7C /* degree.png */ = {isa = PBXFileReference; lastKnownFileType = image.png; path = degree.png; sourceTree = "<group>"; };
		B77524632355A7BC00F7AA7C /* fog.png */ = {isa = PBXFileReference; lastKnownFileType = image.png; path = fog.png; sourceTree = "<group>"; };
		B77524642355A7BC00F7AA7C /* partly-cloudy-day.png */ = {isa = PBXFileReference; lastKnownFileType = image.png; path = "partly-cloudy-day.png"; sourceTree = "<group>"; };
		B77524652355A7BC00F7AA7C /* partly-cloudy-night.png */ = {isa = PBXFileReference; lastKnownFileType = image.png; path = "partly-cloudy-night.png"; sourceTree = "<group>"; };
		B77524662355A7BC00F7AA7C /* clear-night.png */ = {isa = PBXFileReference; lastKnownFileType = image.png; path = "clear-night.png"; sourceTree = "<group>"; };
		B77524672355A7BC00F7AA7C /* snow.png */ = {isa = PBXFileReference; lastKnownFileType = image.png; path = snow.png; sourceTree = "<group>"; };
		B77524682355A7BC00F7AA7C /* wind.png */ = {isa = PBXFileReference; lastKnownFileType = image.png; path = wind.png; sourceTree = "<group>"; };
		B77524692355A7BC00F7AA7C /* cloudy.png */ = {isa = PBXFileReference; lastKnownFileType = image.png; path = cloudy.png; sourceTree = "<group>"; };
		B775246A2355A7BC00F7AA7C /* clear-day.png */ = {isa = PBXFileReference; lastKnownFileType = image.png; path = "clear-day.png"; sourceTree = "<group>"; };
		B775246B2355A7BC00F7AA7C /* sunny.png */ = {isa = PBXFileReference; lastKnownFileType = image.png; path = sunny.png; sourceTree = "<group>"; };
		B775246C2355A7BC00F7AA7C /* refresh.png */ = {isa = PBXFileReference; lastKnownFileType = image.png; path = refresh.png; sourceTree = "<group>"; };
		B775246D2355A7BC00F7AA7C /* rain.png */ = {isa = PBXFileReference; lastKnownFileType = image.png; path = rain.png; sourceTree = "<group>"; };
		B77524812355AE5800F7AA7C /* WeatherInfoVC.swift */ = {isa = PBXFileReference; lastKnownFileType = sourcecode.swift; path = WeatherInfoVC.swift; sourceTree = "<group>"; };
		B77524832355AF0A00F7AA7C /* WeatherInfoVC.storyboard */ = {isa = PBXFileReference; lastKnownFileType = file.storyboard; path = WeatherInfoVC.storyboard; sourceTree = "<group>"; };
		B775248F23563B8700F7AA7C /* LocationService.swift */ = {isa = PBXFileReference; lastKnownFileType = sourcecode.swift; path = LocationService.swift; sourceTree = "<group>"; };
		B775249223564EFF00F7AA7C /* WeatherInfo.swift */ = {isa = PBXFileReference; lastKnownFileType = sourcecode.swift; path = WeatherInfo.swift; sourceTree = "<group>"; };
		B77524942356524700F7AA7C /* WeatherResponse.swift */ = {isa = PBXFileReference; lastKnownFileType = sourcecode.swift; path = WeatherResponse.swift; sourceTree = "<group>"; };
		B775249C23565E2800F7AA7C /* Localizable.strings */ = {isa = PBXFileReference; lastKnownFileType = text.plist.strings; path = Localizable.strings; sourceTree = "<group>"; };
/* End PBXFileReference section */

/* Begin PBXFrameworksBuildPhase section */
		B77524272355A22500F7AA7C /* Frameworks */ = {
			isa = PBXFrameworksBuildPhase;
			buildActionMask = 2147483647;
			files = (
			);
			runOnlyForDeploymentPostprocessing = 0;
		};
		B77524402355A22700F7AA7C /* Frameworks */ = {
			isa = PBXFrameworksBuildPhase;
			buildActionMask = 2147483647;
			files = (
			);
			runOnlyForDeploymentPostprocessing = 0;
		};
		B775244B2355A22700F7AA7C /* Frameworks */ = {
			isa = PBXFrameworksBuildPhase;
			buildActionMask = 2147483647;
			files = (
			);
			runOnlyForDeploymentPostprocessing = 0;
		};
/* End PBXFrameworksBuildPhase section */

/* Begin PBXGroup section */
		B77524212355A22500F7AA7C = {
			isa = PBXGroup;
			children = (
				B775242C2355A22500F7AA7C /* Weather App */,
				B77524462355A22700F7AA7C /* Weather AppTests */,
				B77524512355A22700F7AA7C /* Weather AppUITests */,
				B775242B2355A22500F7AA7C /* Products */,
			);
			sourceTree = "<group>";
		};
		B775242B2355A22500F7AA7C /* Products */ = {
			isa = PBXGroup;
			children = (
				B775242A2355A22500F7AA7C /* Weather App.app */,
				B77524432355A22700F7AA7C /* Weather AppTests.xctest */,
				B775244E2355A22700F7AA7C /* Weather AppUITests.xctest */,
			);
			name = Products;
			sourceTree = "<group>";
		};
		B775242C2355A22500F7AA7C /* Weather App */ = {
			isa = PBXGroup;
			children = (
				B775249123564B4D00F7AA7C /* service */,
				B775248E23563B5C00F7AA7C /* model */,
				B77524602355A7BC00F7AA7C /* icons */,
				B775243E2355A22700F7AA7C /* Info.plist */,
				B77524312355A22500F7AA7C /* Weather_App.xcdatamodeld */,
				B77524382355A22700F7AA7C /* Preview Content */,
				B77524812355AE5800F7AA7C /* WeatherInfoVC.swift */,
				B77524832355AF0A00F7AA7C /* WeatherInfoVC.storyboard */,
				B775242D2355A22500F7AA7C /* AppDelegate.swift */,
				B775242F2355A22500F7AA7C /* SceneDelegate.swift */,
				B77524362355A22700F7AA7C /* Assets.xcassets */,
				B775243B2355A22700F7AA7C /* LaunchScreen.storyboard */,
				B775249C23565E2800F7AA7C /* Localizable.strings */,
			);
			path = "Weather App";
			sourceTree = "<group>";
		};
		B77524382355A22700F7AA7C /* Preview Content */ = {
			isa = PBXGroup;
			children = (
				B77524392355A22700F7AA7C /* Preview Assets.xcassets */,
			);
			path = "Preview Content";
			sourceTree = "<group>";
		};
		B77524462355A22700F7AA7C /* Weather AppTests */ = {
			isa = PBXGroup;
			children = (
				B77524472355A22700F7AA7C /* Weather_AppTests.swift */,
				B77524492355A22700F7AA7C /* Info.plist */,
			);
			path = "Weather AppTests";
			sourceTree = "<group>";
		};
		B77524512355A22700F7AA7C /* Weather AppUITests */ = {
			isa = PBXGroup;
			children = (
				B77524522355A22700F7AA7C /* Weather_AppUITests.swift */,
				B77524542355A22700F7AA7C /* Info.plist */,
			);
			path = "Weather AppUITests";
			sourceTree = "<group>";
		};
		B77524602355A7BC00F7AA7C /* icons */ = {
			isa = PBXGroup;
			children = (
				B77524612355A7BC00F7AA7C /* sleet.png */,
				B77524622355A7BC00F7AA7C /* degree.png */,
				B77524632355A7BC00F7AA7C /* fog.png */,
				B77524642355A7BC00F7AA7C /* partly-cloudy-day.png */,
				B77524652355A7BC00F7AA7C /* partly-cloudy-night.png */,
				B77524662355A7BC00F7AA7C /* clear-night.png */,
				B77524672355A7BC00F7AA7C /* snow.png */,
				B77524682355A7BC00F7AA7C /* wind.png */,
				B77524692355A7BC00F7AA7C /* cloudy.png */,
				B775246A2355A7BC00F7AA7C /* clear-day.png */,
				B775246B2355A7BC00F7AA7C /* sunny.png */,
				B775246C2355A7BC00F7AA7C /* refresh.png */,
				B775246D2355A7BC00F7AA7C /* rain.png */,
			);
			path = icons;
			sourceTree = "<group>";
		};
		B775248E23563B5C00F7AA7C /* model */ = {
			isa = PBXGroup;
			children = (
				B775249223564EFF00F7AA7C /* WeatherInfo.swift */,
				B77524942356524700F7AA7C /* WeatherResponse.swift */,
			);
			path = model;
			sourceTree = "<group>";
		};
		B775249123564B4D00F7AA7C /* service */ = {
			isa = PBXGroup;
			children = (
				B775248F23563B8700F7AA7C /* LocationService.swift */,
			);
			path = service;
			sourceTree = "<group>";
		};
/* End PBXGroup section */

/* Begin PBXNativeTarget section */
		B77524292355A22500F7AA7C /* Weather App */ = {
			isa = PBXNativeTarget;
			buildConfigurationList = B77524572355A22700F7AA7C /* Build configuration list for PBXNativeTarget "Weather App" */;
			buildPhases = (
				B77524262355A22500F7AA7C /* Sources */,
				B77524272355A22500F7AA7C /* Frameworks */,
				B77524282355A22500F7AA7C /* Resources */,
			);
			buildRules = (
			);
			dependencies = (
			);
			name = "Weather App";
			productName = "Weather App";
			productReference = B775242A2355A22500F7AA7C /* Weather App.app */;
			productType = "com.apple.product-type.application";
		};
		B77524422355A22700F7AA7C /* Weather AppTests */ = {
			isa = PBXNativeTarget;
			buildConfigurationList = B775245A2355A22700F7AA7C /* Build configuration list for PBXNativeTarget "Weather AppTests" */;
			buildPhases = (
				B775243F2355A22700F7AA7C /* Sources */,
				B77524402355A22700F7AA7C /* Frameworks */,
				B77524412355A22700F7AA7C /* Resources */,
			);
			buildRules = (
			);
			dependencies = (
				B77524452355A22700F7AA7C /* PBXTargetDependency */,
			);
			name = "Weather AppTests";
			productName = "Weather AppTests";
			productReference = B77524432355A22700F7AA7C /* Weather AppTests.xctest */;
			productType = "com.apple.product-type.bundle.unit-test";
		};
		B775244D2355A22700F7AA7C /* Weather AppUITests */ = {
			isa = PBXNativeTarget;
			buildConfigurationList = B775245D2355A22700F7AA7C /* Build configuration list for PBXNativeTarget "Weather AppUITests" */;
			buildPhases = (
				B775244A2355A22700F7AA7C /* Sources */,
				B775244B2355A22700F7AA7C /* Frameworks */,
				B775244C2355A22700F7AA7C /* Resources */,
			);
			buildRules = (
			);
			dependencies = (
				B77524502355A22700F7AA7C /* PBXTargetDependency */,
			);
			name = "Weather AppUITests";
			productName = "Weather AppUITests";
			productReference = B775244E2355A22700F7AA7C /* Weather AppUITests.xctest */;
			productType = "com.apple.product-type.bundle.ui-testing";
		};
/* End PBXNativeTarget section */

/* Begin PBXProject section */
		B77524222355A22500F7AA7C /* Project object */ = {
			isa = PBXProject;
			attributes = {
				LastSwiftUpdateCheck = 1100;
				LastUpgradeCheck = 1100;
				ORGANIZATIONNAME = AppsZum;
				TargetAttributes = {
					B77524292355A22500F7AA7C = {
						CreatedOnToolsVersion = 11.0;
					};
					B77524422355A22700F7AA7C = {
						CreatedOnToolsVersion = 11.0;
						TestTargetID = B77524292355A22500F7AA7C;
					};
					B775244D2355A22700F7AA7C = {
						CreatedOnToolsVersion = 11.0;
						TestTargetID = B77524292355A22500F7AA7C;
					};
				};
			};
			buildConfigurationList = B77524252355A22500F7AA7C /* Build configuration list for PBXProject "Weather App" */;
			compatibilityVersion = "Xcode 9.3";
			developmentRegion = en;
			hasScannedForEncodings = 0;
			knownRegions = (
				en,
				Base,
			);
			mainGroup = B77524212355A22500F7AA7C;
			productRefGroup = B775242B2355A22500F7AA7C /* Products */;
			projectDirPath = "";
			projectRoot = "";
			targets = (
				B77524292355A22500F7AA7C /* Weather App */,
				B77524422355A22700F7AA7C /* Weather AppTests */,
				B775244D2355A22700F7AA7C /* Weather AppUITests */,
			);
		};
/* End PBXProject section */

/* Begin PBXResourcesBuildPhase section */
		B77524282355A22500F7AA7C /* Resources */ = {
			isa = PBXResourcesBuildPhase;
			buildActionMask = 2147483647;
			files = (
				B77524712355A7BC00F7AA7C /* partly-cloudy-day.png in Resources */,
				B77524762355A7BC00F7AA7C /* cloudy.png in Resources */,
				B77524702355A7BC00F7AA7C /* fog.png in Resources */,
				B775243D2355A22700F7AA7C /* LaunchScreen.storyboard in Resources */,
				B77524792355A7BC00F7AA7C /* refresh.png in Resources */,
				B775247A2355A7BC00F7AA7C /* rain.png in Resources */,
				B775246E2355A7BC00F7AA7C /* sleet.png in Resources */,
				B77524722355A7BC00F7AA7C /* partly-cloudy-night.png in Resources */,
				B775243A2355A22700F7AA7C /* Preview Assets.xcassets in Resources */,
				B77524782355A7BC00F7AA7C /* sunny.png in Resources */,
				B77524742355A7BC00F7AA7C /* snow.png in Resources */,
				B775246F2355A7BC00F7AA7C /* degree.png in Resources */,
				B77524842355AF0A00F7AA7C /* WeatherInfoVC.storyboard in Resources */,
				B775249D23565E2800F7AA7C /* Localizable.strings in Resources */,
				B77524732355A7BC00F7AA7C /* clear-night.png in Resources */,
				B77524772355A7BC00F7AA7C /* clear-day.png in Resources */,
				B77524372355A22700F7AA7C /* Assets.xcassets in Resources */,
				B77524752355A7BC00F7AA7C /* wind.png in Resources */,
			);
			runOnlyForDeploymentPostprocessing = 0;
		};
		B77524412355A22700F7AA7C /* Resources */ = {
			isa = PBXResourcesBuildPhase;
			buildActionMask = 2147483647;
			files = (
			);
			runOnlyForDeploymentPostprocessing = 0;
		};
		B775244C2355A22700F7AA7C /* Resources */ = {
			isa = PBXResourcesBuildPhase;
			buildActionMask = 2147483647;
			files = (
			);
			runOnlyForDeploymentPostprocessing = 0;
		};
/* End PBXResourcesBuildPhase section */

/* Begin PBXSourcesBuildPhase section */
		B77524262355A22500F7AA7C /* Sources */ = {
			isa = PBXSourcesBuildPhase;
			buildActionMask = 2147483647;
			files = (
				B77524332355A22500F7AA7C /* Weather_App.xcdatamodeld in Sources */,
				B77524822355AE5800F7AA7C /* WeatherInfoVC.swift in Sources */,
				B775249323564EFF00F7AA7C /* WeatherInfo.swift in Sources */,
				B77524952356524700F7AA7C /* WeatherResponse.swift in Sources */,
				B775249023563B8700F7AA7C /* LocationService.swift in Sources */,
				B775242E2355A22500F7AA7C /* AppDelegate.swift in Sources */,
				B77524302355A22500F7AA7C /* SceneDelegate.swift in Sources */,
			);
			runOnlyForDeploymentPostprocessing = 0;
		};
		B775243F2355A22700F7AA7C /* Sources */ = {
			isa = PBXSourcesBuildPhase;
			buildActionMask = 2147483647;
			files = (
				B77524482355A22700F7AA7C /* Weather_AppTests.swift in Sources */,
			);
			runOnlyForDeploymentPostprocessing = 0;
		};
		B775244A2355A22700F7AA7C /* Sources */ = {
			isa = PBXSourcesBuildPhase;
			buildActionMask = 2147483647;
			files = (
				B77524532355A22700F7AA7C /* Weather_AppUITests.swift in Sources */,
			);
			runOnlyForDeploymentPostprocessing = 0;
		};
/* End PBXSourcesBuildPhase section */

/* Begin PBXTargetDependency section */
		B77524452355A22700F7AA7C /* PBXTargetDependency */ = {
			isa = PBXTargetDependency;
			target = B77524292355A22500F7AA7C /* Weather App */;
			targetProxy = B77524442355A22700F7AA7C /* PBXContainerItemProxy */;
		};
		B77524502355A22700F7AA7C /* PBXTargetDependency */ = {
			isa = PBXTargetDependency;
			target = B77524292355A22500F7AA7C /* Weather App */;
			targetProxy = B775244F2355A22700F7AA7C /* PBXContainerItemProxy */;
		};
/* End PBXTargetDependency section */

/* Begin PBXVariantGroup section */
		B775243B2355A22700F7AA7C /* LaunchScreen.storyboard */ = {
			isa = PBXVariantGroup;
			children = (
				B775243C2355A22700F7AA7C /* Base */,
			);
			name = LaunchScreen.storyboard;
			sourceTree = "<group>";
		};
/* End PBXVariantGroup section */

/* Begin XCBuildConfiguration section */
		B77524552355A22700F7AA7C /* Debug */ = {
			isa = XCBuildConfiguration;
			buildSettings = {
				ALWAYS_SEARCH_USER_PATHS = NO;
				CLANG_ANALYZER_NONNULL = YES;
				CLANG_ANALYZER_NUMBER_OBJECT_CONVERSION = YES_AGGRESSIVE;
				CLANG_CXX_LANGUAGE_STANDARD = "gnu++14";
				CLANG_CXX_LIBRARY = "libc++";
				CLANG_ENABLE_MODULES = YES;
				CLANG_ENABLE_OBJC_ARC = YES;
				CLANG_ENABLE_OBJC_WEAK = YES;
				CLANG_WARN_BLOCK_CAPTURE_AUTORELEASING = YES;
				CLANG_WARN_BOOL_CONVERSION = YES;
				CLANG_WARN_COMMA = YES;
				CLANG_WARN_CONSTANT_CONVERSION = YES;
				CLANG_WARN_DEPRECATED_OBJC_IMPLEMENTATIONS = YES;
				CLANG_WARN_DIRECT_OBJC_ISA_USAGE = YES_ERROR;
				CLANG_WARN_DOCUMENTATION_COMMENTS = YES;
				CLANG_WARN_EMPTY_BODY = YES;
				CLANG_WARN_ENUM_CONVERSION = YES;
				CLANG_WARN_INFINITE_RECURSION = YES;
				CLANG_WARN_INT_CONVERSION = YES;
				CLANG_WARN_NON_LITERAL_NULL_CONVERSION = YES;
				CLANG_WARN_OBJC_IMPLICIT_RETAIN_SELF = YES;
				CLANG_WARN_OBJC_LITERAL_CONVERSION = YES;
				CLANG_WARN_OBJC_ROOT_CLASS = YES_ERROR;
				CLANG_WARN_RANGE_LOOP_ANALYSIS = YES;
				CLANG_WARN_STRICT_PROTOTYPES = YES;
				CLANG_WARN_SUSPICIOUS_MOVE = YES;
				CLANG_WARN_UNGUARDED_AVAILABILITY = YES_AGGRESSIVE;
				CLANG_WARN_UNREACHABLE_CODE = YES;
				CLANG_WARN__DUPLICATE_METHOD_MATCH = YES;
				COPY_PHASE_STRIP = NO;
				DEBUG_INFORMATION_FORMAT = dwarf;
				ENABLE_STRICT_OBJC_MSGSEND = YES;
				ENABLE_TESTABILITY = YES;
				GCC_C_LANGUAGE_STANDARD = gnu11;
				GCC_DYNAMIC_NO_PIC = NO;
				GCC_NO_COMMON_BLOCKS = YES;
				GCC_OPTIMIZATION_LEVEL = 0;
				GCC_PREPROCESSOR_DEFINITIONS = (
					"DEBUG=1",
					"$(inherited)",
				);
				GCC_WARN_64_TO_32_BIT_CONVERSION = YES;
				GCC_WARN_ABOUT_RETURN_TYPE = YES_ERROR;
				GCC_WARN_UNDECLARED_SELECTOR = YES;
				GCC_WARN_UNINITIALIZED_AUTOS = YES_AGGRESSIVE;
				GCC_WARN_UNUSED_FUNCTION = YES;
				GCC_WARN_UNUSED_VARIABLE = YES;
				IPHONEOS_DEPLOYMENT_TARGET = 13.0;
				MTL_ENABLE_DEBUG_INFO = INCLUDE_SOURCE;
				MTL_FAST_MATH = YES;
				ONLY_ACTIVE_ARCH = YES;
				SDKROOT = iphoneos;
				SWIFT_ACTIVE_COMPILATION_CONDITIONS = DEBUG;
				SWIFT_OPTIMIZATION_LEVEL = "-Onone";
			};
			name = Debug;
		};
		B77524562355A22700F7AA7C /* Release */ = {
			isa = XCBuildConfiguration;
			buildSettings = {
				ALWAYS_SEARCH_USER_PATHS = NO;
				CLANG_ANALYZER_NONNULL = YES;
				CLANG_ANALYZER_NUMBER_OBJECT_CONVERSION = YES_AGGRESSIVE;
				CLANG_CXX_LANGUAGE_STANDARD = "gnu++14";
				CLANG_CXX_LIBRARY = "libc++";
				CLANG_ENABLE_MODULES = YES;
				CLANG_ENABLE_OBJC_ARC = YES;
				CLANG_ENABLE_OBJC_WEAK = YES;
				CLANG_WARN_BLOCK_CAPTURE_AUTORELEASING = YES;
				CLANG_WARN_BOOL_CONVERSION = YES;
				CLANG_WARN_COMMA = YES;
				CLANG_WARN_CONSTANT_CONVERSION = YES;
				CLANG_WARN_DEPRECATED_OBJC_IMPLEMENTATIONS = YES;
				CLANG_WARN_DIRECT_OBJC_ISA_USAGE = YES_ERROR;
				CLANG_WARN_DOCUMENTATION_COMMENTS = YES;
				CLANG_WARN_EMPTY_BODY = YES;
				CLANG_WARN_ENUM_CONVERSION = YES;
				CLANG_WARN_INFINITE_RECURSION = YES;
				CLANG_WARN_INT_CONVERSION = YES;
				CLANG_WARN_NON_LITERAL_NULL_CONVERSION = YES;
				CLANG_WARN_OBJC_IMPLICIT_RETAIN_SELF = YES;
				CLANG_WARN_OBJC_LITERAL_CONVERSION = YES;
				CLANG_WARN_OBJC_ROOT_CLASS = YES_ERROR;
				CLANG_WARN_RANGE_LOOP_ANALYSIS = YES;
				CLANG_WARN_STRICT_PROTOTYPES = YES;
				CLANG_WARN_SUSPICIOUS_MOVE = YES;
				CLANG_WARN_UNGUARDED_AVAILABILITY = YES_AGGRESSIVE;
				CLANG_WARN_UNREACHABLE_CODE = YES;
				CLANG_WARN__DUPLICATE_METHOD_MATCH = YES;
				COPY_PHASE_STRIP = NO;
				DEBUG_INFORMATION_FORMAT = "dwarf-with-dsym";
				ENABLE_NS_ASSERTIONS = NO;
				ENABLE_STRICT_OBJC_MSGSEND = YES;
				GCC_C_LANGUAGE_STANDARD = gnu11;
				GCC_NO_COMMON_BLOCKS = YES;
				GCC_WARN_64_TO_32_BIT_CONVERSION = YES;
				GCC_WARN_ABOUT_RETURN_TYPE = YES_ERROR;
				GCC_WARN_UNDECLARED_SELECTOR = YES;
				GCC_WARN_UNINITIALIZED_AUTOS = YES_AGGRESSIVE;
				GCC_WARN_UNUSED_FUNCTION = YES;
				GCC_WARN_UNUSED_VARIABLE = YES;
				IPHONEOS_DEPLOYMENT_TARGET = 13.0;
				MTL_ENABLE_DEBUG_INFO = NO;
				MTL_FAST_MATH = YES;
				SDKROOT = iphoneos;
				SWIFT_COMPILATION_MODE = wholemodule;
				SWIFT_OPTIMIZATION_LEVEL = "-O";
				VALIDATE_PRODUCT = YES;
			};
			name = Release;
		};
		B77524582355A22700F7AA7C /* Debug */ = {
			isa = XCBuildConfiguration;
			buildSettings = {
				ASSETCATALOG_COMPILER_APPICON_NAME = AppIcon;
				CODE_SIGN_STYLE = Automatic;
				DEVELOPMENT_ASSET_PATHS = "\"Weather App/Preview Content\"";
				DEVELOPMENT_TEAM = VX8JZ5GQD7;
				ENABLE_PREVIEWS = YES;
				INFOPLIST_FILE = "Weather App/Info.plist";
				LD_RUNPATH_SEARCH_PATHS = (
					"$(inherited)",
					"@executable_path/Frameworks",
				);
				PRODUCT_BUNDLE_IDENTIFIER = "Info.Weather-App";
				PRODUCT_NAME = "$(TARGET_NAME)";
				SWIFT_VERSION = 5.0;
				TARGETED_DEVICE_FAMILY = "1,2";
			};
			name = Debug;
		};
		B77524592355A22700F7AA7C /* Release */ = {
			isa = XCBuildConfiguration;
			buildSettings = {
				ASSETCATALOG_COMPILER_APPICON_NAME = AppIcon;
				CODE_SIGN_STYLE = Automatic;
				DEVELOPMENT_ASSET_PATHS = "\"Weather App/Preview Content\"";
				DEVELOPMENT_TEAM = VX8JZ5GQD7;
				ENABLE_PREVIEWS = YES;
				INFOPLIST_FILE = "Weather App/Info.plist";
				LD_RUNPATH_SEARCH_PATHS = (
					"$(inherited)",
					"@executable_path/Frameworks",
				);
				PRODUCT_BUNDLE_IDENTIFIER = "Info.Weather-App";
				PRODUCT_NAME = "$(TARGET_NAME)";
				SWIFT_VERSION = 5.0;
				TARGETED_DEVICE_FAMILY = "1,2";
			};
			name = Release;
		};
		B775245B2355A22700F7AA7C /* Debug */ = {
			isa = XCBuildConfiguration;
			buildSettings = {
				ALWAYS_EMBED_SWIFT_STANDARD_LIBRARIES = YES;
				BUNDLE_LOADER = "$(TEST_HOST)";
				CODE_SIGN_STYLE = Automatic;
				DEVELOPMENT_TEAM = VX8JZ5GQD7;
				INFOPLIST_FILE = "Weather AppTests/Info.plist";
				IPHONEOS_DEPLOYMENT_TARGET = 13.0;
				LD_RUNPATH_SEARCH_PATHS = (
					"$(inherited)",
					"@executable_path/Frameworks",
					"@loader_path/Frameworks",
				);
				PRODUCT_BUNDLE_IDENTIFIER = "Info.Weather-AppTests";
				PRODUCT_NAME = "$(TARGET_NAME)";
				SWIFT_VERSION = 5.0;
				TARGETED_DEVICE_FAMILY = "1,2";
				TEST_HOST = "$(BUILT_PRODUCTS_DIR)/Weather App.app/Weather App";
			};
			name = Debug;
		};
		B775245C2355A22700F7AA7C /* Release */ = {
			isa = XCBuildConfiguration;
			buildSettings = {
				ALWAYS_EMBED_SWIFT_STANDARD_LIBRARIES = YES;
				BUNDLE_LOADER = "$(TEST_HOST)";
				CODE_SIGN_STYLE = Automatic;
				DEVELOPMENT_TEAM = VX8JZ5GQD7;
				INFOPLIST_FILE = "Weather AppTests/Info.plist";
				IPHONEOS_DEPLOYMENT_TARGET = 13.0;
				LD_RUNPATH_SEARCH_PATHS = (
					"$(inherited)",
					"@executable_path/Frameworks",
					"@loader_path/Frameworks",
				);
				PRODUCT_BUNDLE_IDENTIFIER = "Info.Weather-AppTests";
				PRODUCT_NAME = "$(TARGET_NAME)";
				SWIFT_VERSION = 5.0;
				TARGETED_DEVICE_FAMILY = "1,2";
				TEST_HOST = "$(BUILT_PRODUCTS_DIR)/Weather App.app/Weather App";
			};
			name = Release;
		};
		B775245E2355A22700F7AA7C /* Debug */ = {
			isa = XCBuildConfiguration;
			buildSettings = {
				ALWAYS_EMBED_SWIFT_STANDARD_LIBRARIES = YES;
				CODE_SIGN_STYLE = Automatic;
				DEVELOPMENT_TEAM = VX8JZ5GQD7;
				INFOPLIST_FILE = "Weather AppUITests/Info.plist";
				LD_RUNPATH_SEARCH_PATHS = (
					"$(inherited)",
					"@executable_path/Frameworks",
					"@loader_path/Frameworks",
				);
				PRODUCT_BUNDLE_IDENTIFIER = "Info.Weather-AppUITests";
				PRODUCT_NAME = "$(TARGET_NAME)";
				SWIFT_VERSION = 5.0;
				TARGETED_DEVICE_FAMILY = "1,2";
				TEST_TARGET_NAME = "Weather App";
			};
			name = Debug;
		};
		B775245F2355A22700F7AA7C /* Release */ = {
			isa = XCBuildConfiguration;
			buildSettings = {
				ALWAYS_EMBED_SWIFT_STANDARD_LIBRARIES = YES;
				CODE_SIGN_STYLE = Automatic;
				DEVELOPMENT_TEAM = VX8JZ5GQD7;
				INFOPLIST_FILE = "Weather AppUITests/Info.plist";
				LD_RUNPATH_SEARCH_PATHS = (
					"$(inherited)",
					"@executable_path/Frameworks",
					"@loader_path/Frameworks",
				);
				PRODUCT_BUNDLE_IDENTIFIER = "Info.Weather-AppUITests";
				PRODUCT_NAME = "$(TARGET_NAME)";
				SWIFT_VERSION = 5.0;
				TARGETED_DEVICE_FAMILY = "1,2";
				TEST_TARGET_NAME = "Weather App";
			};
			name = Release;
		};
/* End XCBuildConfiguration section */

/* Begin XCConfigurationList section */
		B77524252355A22500F7AA7C /* Build configuration list for PBXProject "Weather App" */ = {
			isa = XCConfigurationList;
			buildConfigurations = (
				B77524552355A22700F7AA7C /* Debug */,
				B77524562355A22700F7AA7C /* Release */,
			);
			defaultConfigurationIsVisible = 0;
			defaultConfigurationName = Release;
		};
		B77524572355A22700F7AA7C /* Build configuration list for PBXNativeTarget "Weather App" */ = {
			isa = XCConfigurationList;
			buildConfigurations = (
				B77524582355A22700F7AA7C /* Debug */,
				B77524592355A22700F7AA7C /* Release */,
			);
			defaultConfigurationIsVisible = 0;
			defaultConfigurationName = Release;
		};
		B775245A2355A22700F7AA7C /* Build configuration list for PBXNativeTarget "Weather AppTests" */ = {
			isa = XCConfigurationList;
			buildConfigurations = (
				B775245B2355A22700F7AA7C /* Debug */,
				B775245C2355A22700F7AA7C /* Release */,
			);
			defaultConfigurationIsVisible = 0;
			defaultConfigurationName = Release;
		};
		B775245D2355A22700F7AA7C /* Build configuration list for PBXNativeTarget "Weather AppUITests" */ = {
			isa = XCConfigurationList;
			buildConfigurations = (
				B775245E2355A22700F7AA7C /* Debug */,
				B775245F2355A22700F7AA7C /* Release */,
			);
			defaultConfigurationIsVisible = 0;
			defaultConfigurationName = Release;
		};
/* End XCConfigurationList section */

/* Begin XCVersionGroup section */
		B77524312355A22500F7AA7C /* Weather_App.xcdatamodeld */ = {
			isa = XCVersionGroup;
			children = (
				B77524322355A22500F7AA7C /* Weather_App.xcdatamodel */,
			);
			currentVersion = B77524322355A22500F7AA7C /* Weather_App.xcdatamodel */;
			path = Weather_App.xcdatamodeld;
			sourceTree = "<group>";
			versionGroupType = wrapper.xcdatamodel;
		};
/* End XCVersionGroup section */
	};
	rootObject = B77524222355A22500F7AA7C /* Project object */;
}
